// !$*UTF8*$!
{
	archiveVersion = 1;
	classes = {
	};
	objectVersion = 46;
	objects = {

/* Begin PBXBuildFile section */
		2A24DA7F1A5307FD00CE2A8F /* AppDelegate.swift in Sources */ = {isa = PBXBuildFile; fileRef = 2A24DA7E1A5307FD00CE2A8F /* AppDelegate.swift */; };
		2A24DA811A5307FD00CE2A8F /* ViewController.swift in Sources */ = {isa = PBXBuildFile; fileRef = 2A24DA801A5307FD00CE2A8F /* ViewController.swift */; };
		2A24DA841A5307FD00CE2A8F /* Main.storyboard in Resources */ = {isa = PBXBuildFile; fileRef = 2A24DA821A5307FD00CE2A8F /* Main.storyboard */; };
		2A24DA861A5307FD00CE2A8F /* Images.xcassets in Resources */ = {isa = PBXBuildFile; fileRef = 2A24DA851A5307FD00CE2A8F /* Images.xcassets */; };
		2A24DA891A5307FD00CE2A8F /* LaunchScreen.xib in Resources */ = {isa = PBXBuildFile; fileRef = 2A24DA871A5307FD00CE2A8F /* LaunchScreen.xib */; };
		2A24DA951A5307FE00CE2A8F /* Swift_Sample_CountTests.swift in Sources */ = {isa = PBXBuildFile; fileRef = 2A24DA941A5307FE00CE2A8F /* Swift_Sample_CountTests.swift */; };
/* End PBXBuildFile section */

/* Begin PBXContainerItemProxy section */
		2A24DA8F1A5307FE00CE2A8F /* PBXContainerItemProxy */ = {
			isa = PBXContainerItemProxy;
			containerPortal = 2A24DA711A5307FD00CE2A8F /* Project object */;
			proxyType = 1;
			remoteGlobalIDString = 2A24DA781A5307FD00CE2A8F;
			remoteInfo = Swift_Sample_Count;
		};
/* End PBXContainerItemProxy section */

/* Begin PBXFileReference section */
		2A24DA791A5307FD00CE2A8F /* Swift_Sample_Count.app */ = {isa = PBXFileReference; explicitFileType = wrapper.application; includeInIndex = 0; path = Swift_Sample_Count.app; sourceTree = BUILT_PRODUCTS_DIR; };
		2A24DA7D1A5307FD00CE2A8F /* Info.plist */ = {isa = PBXFileReference; lastKnownFileType = text.plist.xml; path = Info.plist; sourceTree = "<group>"; };
		2A24DA7E1A5307FD00CE2A8F /* AppDelegate.swift */ = {isa = PBXFileReference; lastKnownFileType = sourcecode.swift; path = AppDelegate.swift; sourceTree = "<group>"; };
		2A24DA801A5307FD00CE2A8F /* ViewController.swift */ = {isa = PBXFileReference; lastKnownFileType = sourcecode.swift; path = ViewController.swift; sourceTree = "<group>"; };
		2A24DA831A5307FD00CE2A8F /* Base */ = {isa = PBXFileReference; lastKnownFileType = file.storyboard; name = Base; path = Base.lproj/Main.storyboard; sourceTree = "<group>"; };
		2A24DA851A5307FD00CE2A8F /* Images.xcassets */ = {isa = PBXFileReference; lastKnownFileType = folder.assetcatalog; path = Images.xcassets; sourceTree = "<group>"; };
		2A24DA881A5307FD00CE2A8F /* Base */ = {isa = PBXFileReference; lastKnownFileType = file.xib; name = Base; path = Base.lproj/LaunchScreen.xib; sourceTree = "<group>"; };
		2A24DA8E1A5307FE00CE2A8F /* Swift_Sample_CountTests.xctest */ = {isa = PBXFileReference; explicitFileType = wrapper.cfbundle; includeInIndex = 0; path = Swift_Sample_CountTests.xctest; sourceTree = BUILT_PRODUCTS_DIR; };
		2A24DA931A5307FE00CE2A8F /* Info.plist */ = {isa = PBXFileReference; lastKnownFileType = text.plist.xml; path = Info.plist; sourceTree = "<group>"; };
		2A24DA941A5307FE00CE2A8F /* Swift_Sample_CountTests.swift */ = {isa = PBXFileReference; lastKnownFileType = sourcecode.swift; path = Swift_Sample_CountTests.swift; sourceTree = "<group>"; };
/* End PBXFileReference section */

/* Begin PBXFrameworksBuildPhase section */
		2A24DA761A5307FD00CE2A8F /* Frameworks */ = {
			isa = PBXFrameworksBuildPhase;
			buildActionMask = 2147483647;
			files = (
			);
			runOnlyForDeploymentPostprocessing = 0;
		};
		2A24DA8B1A5307FE00CE2A8F /* Frameworks */ = {
			isa = PBXFrameworksBuildPhase;
			buildActionMask = 2147483647;
			files = (
			);
			runOnlyForDeploymentPostprocessing = 0;
		};
/* End PBXFrameworksBuildPhase section */

/* Begin PBXGroup section */
		2A24DA701A5307FD00CE2A8F = {
			isa = PBXGroup;
			children = (
				2A24DA7B1A5307FD00CE2A8F /* Swift_Sample_Count */,
				2A24DA911A5307FE00CE2A8F /* Swift_Sample_CountTests */,
				2A24DA7A1A5307FD00CE2A8F /* Products */,
			);
			sourceTree = "<group>";
		};
		2A24DA7A1A5307FD00CE2A8F /* Products */ = {
			isa = PBXGroup;
			children = (
				2A24DA791A5307FD00CE2A8F /* Swift_Sample_Count.app */,
				2A24DA8E1A5307FE00CE2A8F /* Swift_Sample_CountTests.xctest */,
			);
			name = Products;
			sourceTree = "<group>";
		};
		2A24DA7B1A5307FD00CE2A8F /* Swift_Sample_Count */ = {
			isa = PBXGroup;
			children = (
				2A24DA7E1A5307FD00CE2A8F /* AppDelegate.swift */,
				2A24DA801A5307FD00CE2A8F /* ViewController.swift */,
				2A24DA821A5307FD00CE2A8F /* Main.storyboard */,
				2A24DA851A5307FD00CE2A8F /* Images.xcassets */,
				2A24DA871A5307FD00CE2A8F /* LaunchScreen.xib */,
				2A24DA7C1A5307FD00CE2A8F /* Supporting Files */,
			);
			path = Swift_Sample_Count;
			sourceTree = "<group>";
		};
		2A24DA7C1A5307FD00CE2A8F /* Supporting Files */ = {
			isa = PBXGroup;
			children = (
				2A24DA7D1A5307FD00CE2A8F /* Info.plist */,
			);
			name = "Supporting Files";
			sourceTree = "<group>";
		};
		2A24DA911A5307FE00CE2A8F /* Swift_Sample_CountTests */ = {
			isa = PBXGroup;
			children = (
				2A24DA941A5307FE00CE2A8F /* Swift_Sample_CountTests.swift */,
				2A24DA921A5307FE00CE2A8F /* Supporting Files */,
			);
			path = Swift_Sample_CountTests;
			sourceTree = "<group>";
		};
		2A24DA921A5307FE00CE2A8F /* Supporting Files */ = {
			isa = PBXGroup;
			children = (
				2A24DA931A5307FE00CE2A8F /* Info.plist */,
			);
			name = "Supporting Files";
			sourceTree = "<group>";
		};
/* End PBXGroup section */

/* Begin PBXNativeTarget section */
		2A24DA781A5307FD00CE2A8F /* Swift_Sample_Count */ = {
			isa = PBXNativeTarget;
			buildConfigurationList = 2A24DA981A5307FE00CE2A8F /* Build configuration list for PBXNativeTarget "Swift_Sample_Count" */;
			buildPhases = (
				2A24DA751A5307FD00CE2A8F /* Sources */,
				2A24DA761A5307FD00CE2A8F /* Frameworks */,
				2A24DA771A5307FD00CE2A8F /* Resources */,
			);
			buildRules = (
			);
			dependencies = (
			);
			name = Swift_Sample_Count;
			productName = Swift_Sample_Count;
			productReference = 2A24DA791A5307FD00CE2A8F /* Swift_Sample_Count.app */;
			productType = "com.apple.product-type.application";
		};
		2A24DA8D1A5307FE00CE2A8F /* Swift_Sample_CountTests */ = {
			isa = PBXNativeTarget;
			buildConfigurationList = 2A24DA9B1A5307FE00CE2A8F /* Build configuration list for PBXNativeTarget "Swift_Sample_CountTests" */;
			buildPhases = (
				2A24DA8A1A5307FE00CE2A8F /* Sources */,
				2A24DA8B1A5307FE00CE2A8F /* Frameworks */,
				2A24DA8C1A5307FE00CE2A8F /* Resources */,
			);
			buildRules = (
			);
			dependencies = (
				2A24DA901A5307FE00CE2A8F /* PBXTargetDependency */,
			);
			name = Swift_Sample_CountTests;
			productName = Swift_Sample_CountTests;
			productReference = 2A24DA8E1A5307FE00CE2A8F /* Swift_Sample_CountTests.xctest */;
			productType = "com.apple.product-type.bundle.unit-test";
		};
/* End PBXNativeTarget section */

/* Begin PBXProject section */
		2A24DA711A5307FD00CE2A8F /* Project object */ = {
			isa = PBXProject;
			attributes = {
				LastUpgradeCheck = 0610;
				ORGANIZATIONNAME = "Ryo Eguchi";
				TargetAttributes = {
					2A24DA781A5307FD00CE2A8F = {
						CreatedOnToolsVersion = 6.1.1;
					};
					2A24DA8D1A5307FE00CE2A8F = {
						CreatedOnToolsVersion = 6.1.1;
						TestTargetID = 2A24DA781A5307FD00CE2A8F;
					};
				};
			};
			buildConfigurationList = 2A24DA741A5307FD00CE2A8F /* Build configuration list for PBXProject "Swift_Sample_Count" */;
			compatibilityVersion = "Xcode 3.2";
			developmentRegion = English;
			hasScannedForEncodings = 0;
			knownRegions = (
				en,
				Base,
			);
			mainGroup = 2A24DA701A5307FD00CE2A8F;
			productRefGroup = 2A24DA7A1A5307FD00CE2A8F /* Products */;
			projectDirPath = "";
			projectRoot = "";
			targets = (
				2A24DA781A5307FD00CE2A8F /* Swift_Sample_Count */,
				2A24DA8D1A5307FE00CE2A8F /* Swift_Sample_CountTests */,
			);
		};
/* End PBXProject section */

/* Begin PBXResourcesBuildPhase section */
		2A24DA771A5307FD00CE2A8F /* Resources */ = {
			isa = PBXResourcesBuildPhase;
			buildActionMask = 2147483647;
			files = (
				2A24DA841A5307FD00CE2A8F /* Main.storyboard in Resources */,
				2A24DA891A5307FD00CE2A8F /* LaunchScreen.xib in Resources */,
				2A24DA861A5307FD00CE2A8F /* Images.xcassets in Resources */,
			);
			runOnlyForDeploymentPostprocessing = 0;
		};
		2A24DA8C1A5307FE00CE2A8F /* Resources */ = {
			isa = PBXResourcesBuildPhase;
			buildActionMask = 2147483647;
			files = (
			);
			runOnlyForDeploymentPostprocessing = 0;
		};
/* End PBXResourcesBuildPhase section */

/* Begin PBXSourcesBuildPhase section */
		2A24DA751A5307FD00CE2A8F /* Sources */ = {
			isa = PBXSourcesBuildPhase;
			buildActionMask = 2147483647;
			files = (
				2A24DA811A5307FD00CE2A8F /* ViewController.swift in Sources */,
				2A24DA7F1A5307FD00CE2A8F /* AppDelegate.swift in Sources */,
			);
			runOnlyForDeploymentPostprocessing = 0;
		};
		2A24DA8A1A5307FE00CE2A8F /* Sources */ = {
			isa = PBXSourcesBuildPhase;
			buildActionMask = 2147483647;
			files = (
				2A24DA951A5307FE00CE2A8F /* Swift_Sample_CountTests.swift in Sources */,
			);
			runOnlyForDeploymentPostprocessing = 0;
		};
/* End PBXSourcesBuildPhase section */

/* Begin PBXTargetDependency section */
		2A24DA901A5307FE00CE2A8F /* PBXTargetDependency */ = {
			isa = PBXTargetDependency;
			target = 2A24DA781A5307FD00CE2A8F /* Swift_Sample_Count */;
			targetProxy = 2A24DA8F1A5307FE00CE2A8F /* PBXContainerItemProxy */;
		};
/* End PBXTargetDependency section */

/* Begin PBXVariantGroup section */
		2A24DA821A5307FD00CE2A8F /* Main.storyboard */ = {
			isa = PBXVariantGroup;
			children = (
				2A24DA831A5307FD00CE2A8F /* Base */,
			);
			name = Main.storyboard;
			sourceTree = "<group>";
		};
		2A24DA871A5307FD00CE2A8F /* LaunchScreen.xib */ = {
			isa = PBXVariantGroup;
			children = (
				2A24DA881A5307FD00CE2A8F /* Base */,
			);
			name = LaunchScreen.xib;
			sourceTree = "<group>";
		};
/* End PBXVariantGroup section */

/* Begin XCBuildConfiguration section */
		2A24DA961A5307FE00CE2A8F /* Debug */ = {
			isa = XCBuildConfiguration;
			buildSettings = {
				ALWAYS_SEARCH_USER_PATHS = NO;
				CLANG_CXX_LANGUAGE_STANDARD = "gnu++0x";
				CLANG_CXX_LIBRARY = "libc++";
				CLANG_ENABLE_MODULES = YES;
				CLANG_ENABLE_OBJC_ARC = YES;
				CLANG_WARN_BOOL_CONVERSION = YES;
				CLANG_WARN_CONSTANT_CONVERSION = YES;
				CLANG_WARN_DIRECT_OBJC_ISA_USAGE = YES_ERROR;
				CLANG_WARN_EMPTY_BODY = YES;
				CLANG_WARN_ENUM_CONVERSION = YES;
				CLANG_WARN_INT_CONVERSION = YES;
				CLANG_WARN_OBJC_ROOT_CLASS = YES_ERROR;
				CLANG_WARN_UNREACHABLE_CODE = YES;
				CLANG_WARN__DUPLICATE_METHOD_MATCH = YES;
				"CODE_SIGN_IDENTITY[sdk=iphoneos*]" = "iPhone Developer";
				COPY_PHASE_STRIP = NO;
				ENABLE_STRICT_OBJC_MSGSEND = YES;
				GCC_C_LANGUAGE_STANDARD = gnu99;
				GCC_DYNAMIC_NO_PIC = NO;
				GCC_OPTIMIZATION_LEVEL = 0;
				GCC_PREPROCESSOR_DEFINITIONS = (
					"DEBUG=1",
					"$(inherited)",
				);
				GCC_SYMBOLS_PRIVATE_EXTERN = NO;
				GCC_WARN_64_TO_32_BIT_CONVERSION = YES;
				GCC_WARN_ABOUT_RETURN_TYPE = YES_ERROR;
				GCC_WARN_UNDECLARED_SELECTOR = YES;
				GCC_WARN_UNINITIALIZED_AUTOS = YES_AGGRESSIVE;
				GCC_WARN_UNUSED_FUNCTION = YES;
				GCC_WARN_UNUSED_VARIABLE = YES;
				IPHONEOS_DEPLOYMENT_TARGET = 8.1;
				MTL_ENABLE_DEBUG_INFO = YES;
				ONLY_ACTIVE_ARCH = YES;
				SDKROOT = iphoneos;
				SWIFT_OPTIMIZATION_LEVEL = "-Onone";
			};
			name = Debug;
		};
		2A24DA971A5307FE00CE2A8F /* Release */ = {
			isa = XCBuildConfiguration;
			buildSettings = {
				ALWAYS_SEARCH_USER_PATHS = NO;
				CLANG_CXX_LANGUAGE_STANDARD = "gnu++0x";
				CLANG_CXX_LIBRARY = "libc++";
				CLANG_ENABLE_MODULES = YES;
				CLANG_ENABLE_OBJC_ARC = YES;
				CLANG_WARN_BOOL_CONVERSION = YES;
				CLANG_WARN_CONSTANT_CONVERSION = YES;
				CLANG_WARN_DIRECT_OBJC_ISA_USAGE = YES_ERROR;
				CLANG_WARN_EMPTY_BODY = YES;
				CLANG_WARN_ENUM_CONVERSION = YES;
				CLANG_WARN_INT_CONVERSION = YES;
				CLANG_WARN_OBJC_ROOT_CLASS = YES_ERROR;
				CLANG_WARN_UNREACHABLE_CODE = YES;
				CLANG_WARN__DUPLICATE_METHOD_MATCH = YES;
				"CODE_SIGN_IDENTITY[sdk=iphoneos*]" = "iPhone Developer";
				COPY_PHASE_STRIP = YES;
				ENABLE_NS_ASSERTIONS = NO;
				ENABLE_STRICT_OBJC_MSGSEND = YES;
				GCC_C_LANGUAGE_STANDARD = gnu99;
				GCC_WARN_64_TO_32_BIT_CONVERSION = YES;
				GCC_WARN_ABOUT_RETURN_TYPE = YES_ERROR;
				GCC_WARN_UNDECLARED_SELECTOR = YES;
				GCC_WARN_UNINITIALIZED_AUTOS = YES_AGGRESSIVE;
				GCC_WARN_UNUSED_FUNCTION = YES;
				GCC_WARN_UNUSED_VARIABLE = YES;
				IPHONEOS_DEPLOYMENT_TARGET = 8.1;
				MTL_ENABLE_DEBUG_INFO = NO;
				SDKROOT = iphoneos;
				VALIDATE_PRODUCT = YES;
			};
			name = Release;
		};
		2A24DA991A5307FE00CE2A8F /* Debug */ = {
			isa = XCBuildConfiguration;
			buildSettings = {
				ASSETCATALOG_COMPILER_APPICON_NAME = AppIcon;
				INFOPLIST_FILE = Swift_Sample_Count/Info.plist;
				LD_RUNPATH_SEARCH_PATHS = "$(inherited) @executable_path/Frameworks";
				PRODUCT_NAME = "$(TARGET_NAME)";
			};
			name = Debug;
		};
		2A24DA9A1A5307FE00CE2A8F /* Release */ = {
			isa = XCBuildConfiguration;
			buildSettings = {
				ASSETCATALOG_COMPILER_APPICON_NAME = AppIcon;
				INFOPLIST_FILE = Swift_Sample_Count/Info.plist;
				LD_RUNPATH_SEARCH_PATHS = "$(inherited) @executable_path/Frameworks";
				PRODUCT_NAME = "$(TARGET_NAME)";
			};
			name = Release;
		};
		2A24DA9C1A5307FE00CE2A8F /* Debug */ = {
			isa = XCBuildConfiguration;
			buildSettings = {
				BUNDLE_LOADER = "$(TEST_HOST)";
				FRAMEWORK_SEARCH_PATHS = (
					"$(SDKROOT)/Developer/Library/Frameworks",
					"$(inherited)",
				);
				GCC_PREPROCESSOR_DEFINITIONS = (
					"DEBUG=1",
					"$(inherited)",
				);
				INFOPLIST_FILE = Swift_Sample_CountTests/Info.plist;
				LD_RUNPATH_SEARCH_PATHS = "$(inherited) @executable_path/Frameworks @loader_path/Frameworks";
				PRODUCT_NAME = "$(TARGET_NAME)";
				TEST_HOST = "$(BUILT_PRODUCTS_DIR)/Swift_Sample_Count.app/Swift_Sample_Count";
			};
			name = Debug;
		};
		2A24DA9D1A5307FE00CE2A8F /* Release */ = {
			isa = XCBuildConfiguration;
			buildSettings = {
				BUNDLE_LOADER = "$(TEST_HOST)";
				FRAMEWORK_SEARCH_PATHS = (
					"$(SDKROOT)/Developer/Library/Frameworks",
					"$(inherited)",
				);
				INFOPLIST_FILE = Swift_Sample_CountTests/Info.plist;
				LD_RUNPATH_SEARCH_PATHS = "$(inherited) @executable_path/Frameworks @loader_path/Frameworks";
				PRODUCT_NAME = "$(TARGET_NAME)";
				TEST_HOST = "$(BUILT_PRODUCTS_DIR)/Swift_Sample_Count.app/Swift_Sample_Count";
			};
			name = Release;
		};
/* End XCBuildConfiguration section */

/* Begin XCConfigurationList section */
		2A24DA741A5307FD00CE2A8F /* Build configuration list for PBXProject "Swift_Sample_Count" */ = {
			isa = XCConfigurationList;
			buildConfigurations = (
				2A24DA961A5307FE00CE2A8F /* Debug */,
				2A24DA971A5307FE00CE2A8F /* Release */,
			);
			defaultConfigurationIsVisible = 0;
			defaultConfigurationName = Release;
		};
		2A24DA981A5307FE00CE2A8F /* Build configuration list for PBXNativeTarget "Swift_Sample_Count" */ = {
			isa = XCConfigurationList;
			buildConfigurations = (
				2A24DA991A5307FE00CE2A8F /* Debug */,
				2A24DA9A1A5307FE00CE2A8F /* Release */,
			);
			defaultConfigurationIsVisible = 0;
		};
		2A24DA9B1A5307FE00CE2A8F /* Build configuration list for PBXNativeTarget "Swift_Sample_CountTests" */ = {
			isa = XCConfigurationList;
			buildConfigurations = (
				2A24DA9C1A5307FE00CE2A8F /* Debug */,
				2A24DA9D1A5307FE00CE2A8F /* Release */,
			);
			defaultConfigurationIsVisible = 0;
		};
/* End XCConfigurationList section */
	};
	rootObject = 2A24DA711A5307FD00CE2A8F /* Project object */;
}
